
Microsoft Visual Studio Solution File, Format Version 12.00
# Visual Studio Version 17
VisualStudioVersion = 17.4.33110.190
MinimumVisualStudioVersion = 10.0.40219.1
Project("{FAE04EC0-301F-11D3-BF4B-00C04F79EFBC}") = "BinaryWorksConsoleApp", "BinaryWorksConsoleApp\BinaryWorksConsoleApp.csproj", "{0C25A68C-09B7-442C-9917-EE71A1C02F8E}"
EndProject
Global
	GlobalSection(SolutionConfigurationPlatforms) = preSolution
		Debug|Any CPU = Debug|Any CPU
		Release|Any CPU = Release|Any CPU
	EndGlobalSection
	GlobalSection(ProjectConfigurationPlatforms) = postSolution
		{0C25A68C-09B7-442C-9917-EE71A1C02F8E}.Debug|Any CPU.ActiveCfg = Debug|Any CPU
		{0C25A68C-09B7-442C-9917-EE71A1C02F8E}.Debug|Any CPU.Build.0 = Debug|Any CPU
		{0C25A68C-09B7-442C-9917-EE71A1C02F8E}.Release|Any CPU.ActiveCfg = Release|Any CPU
		{0C25A68C-09B7-442C-9917-EE71A1C02F8E}.Release|Any CPU.Build.0 = Release|Any CPU
	EndGlobalSection
	GlobalSection(SolutionProperties) = preSolution
		HideSolutionNode = FALSE
	EndGlobalSection
	GlobalSection(ExtensibilityGlobals) = postSolution
		SolutionGuid = {D807B456-9368-4E9E-BE17-DE0189810DFD}
	EndGlobalSection
EndGlobal
